{
  "name": "xyse",
  "version": "1.0.0",
  "lockfileVersion": 1,
  "requires": true,
  "dependencies": {
    "@discordjs/collection": {
      "version": "0.1.6"
    },
    "@discordjs/form-data": {
      "version": "3.0.1",
      "requires": {
        "asynckit": "^0.4.0",
        "combined-stream": "^1.0.8",
        "mime-types": "^2.1.12"
      }
    },
    "abort-controller": {
      "version": "3.0.0",
      "requires": {
        "event-target-shim": "^5.0.0"
      }
    },
    "canvacord": {
      "version": "3.0.9",
      "requires": {
        "@jimp/custom": "^0.14.0",
        "@jimp/plugin-circle": "^0.14.0",
        "canvas": "^2.6.1",
        "gifencoder": "^2.0.1",
        "jimp": "^0.14.0",
        "node-canvas-with-twemoji": "^0.1.1"
      }
    },
    "chalk": {
      "version": "4.1.0",
      "requires": {
        "ansi-styles": "^4.1.0",
        "supports-color": "^7.1.0"
      }
    },
    "cheerio": {
      "version": "1.0.0-rc.3",
      "requires": {
        "css-select": "~1.2.0",
        "dom-serializer": "~0.1.1",
        "entities": "~1.1.1",
        "htmlparser2": "^3.9.1",
        "lodash": "^4.15.0",
        "parse5": "^3.0.1"
      }
    },
    "child_process": {
      "version": "1.0.2"
    },
    "common-tags": {
      "version": "1.8.0"
    },
    "dblposter": {
      "version": "1.3.1",
      "requires": {
        "snekfetch": "^4.0.0"
      }
    },
    "discord.js": {
      "version": "12.3.1",
      "resolved": "https://registry.npmjs.org/discord.js/-/discord.js-12.3.1.tgz",
      "integrity": "sha512-mSFyV/mbvzH12UXdS4zadmeUf8IMQOo/YdunubG1wWt1xjWvtaJz/s9CGsFD2B5pTw1W/LXxxUbrQjIZ/xlUdw==",
      "requires": {
        "@discordjs/collection": "^0.1.6",
        "@discordjs/form-data": "^3.0.1",
        "abort-controller": "^3.0.0",
        "node-fetch": "^2.6.0",
        "prism-media": "^1.2.2",
        "setimmediate": "^1.0.5",
        "tweetnacl": "^1.0.3",
        "ws": "^7.3.1"
      }
    },
    "express": {
      "version": "4.17.1",
      "requires": {
        "accepts": "~1.3.7",
        "array-flatten": "1.1.1",
        "body-parser": "1.19.0",
        "content-disposition": "0.5.3",
        "content-type": "~1.0.4",
        "cookie": "0.4.0",
        "cookie-signature": "1.0.6",
        "debug": "2.6.9",
        "depd": "~1.1.2",
        "encodeurl": "~1.0.2",
        "escape-html": "~1.0.3",
        "etag": "~1.8.1",
        "finalhandler": "~1.1.2",
        "fresh": "0.5.2",
        "merge-descriptors": "1.0.1",
        "methods": "~1.1.2",
        "on-finished": "~2.3.0",
        "parseurl": "~1.3.3",
        "path-to-regexp": "0.1.7",
        "proxy-addr": "~2.0.5",
        "qs": "6.7.0",
        "range-parser": "~1.2.1",
        "safe-buffer": "5.1.2",
        "send": "0.17.1",
        "serve-static": "1.14.1",
        "setprototypeof": "1.1.1",
        "statuses": "~1.5.0",
        "type-is": "~1.6.18",
        "utils-merge": "1.0.1",
        "vary": "~1.1.2"
      }
    },
    "ffmpeg": {
      "version": "0.0.4",
      "requires": {
        "when": ">= 0.0.1"
      }
    },
    "figlet": {
      "version": "1.5.0"
    },
    "fs": {
      "version": "0.0.1-security"
    },
    "google-it": {
      "version": "1.5.0",
      "requires": {
        "cheerio": "^1.0.0-rc.2",
        "colors": "^1.4.0",
        "command-line-args": "^5.0.0",
        "ora": "^4.0.3",
        "request": "^2.88.0"
      }
    },
    "got": {
      "version": "11.5.2",
      "requires": {
        "@sindresorhus/is": "^3.0.0",
        "@szmarczak/http-timer": "^4.0.5",
        "@types/cacheable-request": "^6.0.1",
        "@types/responselike": "^1.0.0",
        "cacheable-lookup": "^5.0.3",
        "cacheable-request": "^7.0.1",
        "decompress-response": "^6.0.0",
        "http2-wrapper": "^1.0.0-beta.5.0",
        "lowercase-keys": "^2.0.0",
        "p-cancelable": "^2.0.0",
        "responselike": "^2.0.0"
      }
    },
    "http": {
      "version": "0.0.0"
    },
    "moment": {
      "version": "2.27.0"
    },
    "moment-duration-format": {
      "version": "2.3.2"
    },
    "nekos.life": {
      "version": "2.0.7"
    },
    "node-fetch": {
      "version": "2.6.0"
    },
    "node-osu": {
      "version": "2.2.0",
      "requires": {
        "superagent": "^5.2.1"
      }
    },
    "node-superfetch": {
      "version": "0.1.10",
      "requires": {
        "form-data": "^2.3.2",
        "node-fetch": "^2.6.0"
      }
    },
    "opusscript": {
      "version": "0.0.7"
    },
    "os": {
      "version": "0.1.1"
    },
    "os-name": {
      "version": "3.1.0",
      "requires": {
        "macos-release": "^2.2.0",
        "windows-release": "^3.1.0"
      }
    },
    "os-toolbox": {
      "version": "0.2.10",
      "requires": {
        "current-processes": "^0.2.1",
        "lodash": "^4.17.10"
      }
    },
    "parse-ms": {
      "version": "2.1.0"
    },
    "prism-media": {
      "version": "1.2.2"
    },
    "querystring": {
      "version": "0.2.0"
    },
    "quick.db": {
      "version": "7.1.1",
      "requires": {
        "better-sqlite3": "^6.0.1",
        "lodash": "4.17.15"
      }
    },
    "quick.eco": {
      "version": "3.1.1",
      "requires": {
        "lodash": "^4.17.15",
        "rex.db": "^1.0.0"
      }
    },
    "setimmediate": {
      "version": "1.0.5"
    },
    "snekfetch": {
      "version": "4.0.4"
    },
    "systeminformation": {
      "version": "4.26.10"
    },
    "tweetnacl": {
      "version": "1.0.3"
    },
    "weather-js": {
      "version": "2.0.0",
      "requires": {
        "request": "2.x.x",
        "xml2js": "0.4.x"
      }
    },
    "weatherjs": {
      "version": "0.0.7",
      "requires": {
        "promise": "^6.0.1"
      }
    },
    "wikijs": {
      "version": "6.0.1",
      "requires": {
        "cheerio": "^1.0.0-rc.3",
        "cross-fetch": "^3.0.2",
        "infobox-parser": "3.3.1"
      }
    },
    "ws": {
      "version": "7.3.1"
    }
  }
}
